
Microsoft Visual Studio Solution File, Format Version 12.00
# Visual Studio 15
VisualStudioVersion = 15.0.27703.2047
MinimumVisualStudioVersion = 10.0.40219.1
Project("{FAE04EC0-301F-11D3-BF4B-00C04F79EFBC}") = "Runner", "c_sharp_game\Runner.csproj", "{6092EA7C-51F6-4785-8478-EEA7E9EF296C}"
EndProject
Global
	GlobalSection(SolutionConfigurationPlatforms) = preSolution
		Debug|Any CPU = Debug|Any CPU
		Release|Any CPU = Release|Any CPU
	EndGlobalSection
	GlobalSection(ProjectConfigurationPlatforms) = postSolution
		{6092EA7C-51F6-4785-8478-EEA7E9EF296C}.Debug|Any CPU.ActiveCfg = Debug|Any CPU
		{6092EA7C-51F6-4785-8478-EEA7E9EF296C}.Debug|Any CPU.Build.0 = Debug|Any CPU
		{6092EA7C-51F6-4785-8478-EEA7E9EF296C}.Release|Any CPU.ActiveCfg = Release|Any CPU
		{6092EA7C-51F6-4785-8478-EEA7E9EF296C}.Release|Any CPU.Build.0 = Release|Any CPU
	EndGlobalSection
	GlobalSection(SolutionProperties) = preSolution
		HideSolutionNode = FALSE
	EndGlobalSection
	GlobalSection(ExtensibilityGlobals) = postSolution
		SolutionGuid = {38C76000-735D-4F8D-97B4-187B38FA0DE0}
	EndGlobalSection
EndGlobal
